# This file is autogenerated, do not edit; changes may be undone by the next 'dep ensure'.


[[projects]]
  branch = "master"
  digest = "1:ebb1430594f103e9ab0171c02f4e9e29ef63dcc731081400e3194b2dfe921b0e"
  name = "github.com/syumai/go-hyperscript"
  packages = [
    "dom",
    "hyperscript",
  ]
  pruneopts = "UT"
  revision = "d8fd65fa414d44b807cc85ce651269dfecaa1a6a"

[solve-meta]
  analyzer-name = "dep"
  analyzer-version = 1
  input-imports = [
    "github.com/syumai/go-hyperscript/dom",
    "github.com/syumai/go-hyperscript/hyperscript",
  ]
  solver-name = "gps-cdcl"
  solver-version = 1
