# This file is autogenerated, do not edit; changes may be undone by the next 'dep ensure'.


[[projects]]
  branch = "master"
  digest = "1:2eeb693cc7984d751a50fdd668936ca58646f954f1c4289ad40cf7a637f15c25"
  name = "github.com/syumai/go-hyperscript"
  packages = [
    "dom",
    "hyperscript",
  ]
  pruneopts = "UT"
  revision = "f38abf541f9b7d54e67dddc9b3334d943accd4de"

[solve-meta]
  analyzer-name = "dep"
  analyzer-version = 1
  input-imports = [
    "github.com/syumai/go-hyperscript/dom",
    "github.com/syumai/go-hyperscript/hyperscript",
  ]
  solver-name = "gps-cdcl"
  solver-version = 1
