# This file is autogenerated, do not edit; changes may be undone by the next 'dep ensure'.


[[projects]]
  branch = "master"
  digest = "1:2540e54bdc6658ba4f82d32f016fdc3f7ff663749dd890d5567f6f10febcfb82"
  name = "github.com/syumai/go-hyperscript"
  packages = ["."]
  pruneopts = "UT"
  revision = "b635cb4d23b8037900fbccdb93d5d13048746cb3"

[solve-meta]
  analyzer-name = "dep"
  analyzer-version = 1
  input-imports = ["github.com/syumai/go-hyperscript"]
  solver-name = "gps-cdcl"
  solver-version = 1
